
Microsoft Visual Studio Solution File, Format Version 12.00
# Visual Studio Version 16
VisualStudioVersion = 16.0.31911.196
MinimumVisualStudioVersion = 10.0.40219.1
Project("{9A19103F-16F7-4668-BE54-9A1E7A4F7556}") = "SteampunkArsenal", "SteampunkArsenal\SteampunkArsenal.csproj", "{E6AD3353-E81A-47D9-B8FC-FCDF4FAB94A1}"
EndProject
Global
	GlobalSection(SolutionConfigurationPlatforms) = preSolution
		Debug|Any CPU = Debug|Any CPU
		Release|Any CPU = Release|Any CPU
	EndGlobalSection
	GlobalSection(ProjectConfigurationPlatforms) = postSolution
		{E6AD3353-E81A-47D9-B8FC-FCDF4FAB94A1}.Debug|Any CPU.ActiveCfg = Debug|Any CPU
		{E6AD3353-E81A-47D9-B8FC-FCDF4FAB94A1}.Debug|Any CPU.Build.0 = Debug|Any CPU
		{E6AD3353-E81A-47D9-B8FC-FCDF4FAB94A1}.Release|Any CPU.ActiveCfg = Release|Any CPU
		{E6AD3353-E81A-47D9-B8FC-FCDF4FAB94A1}.Release|Any CPU.Build.0 = Release|Any CPU
	EndGlobalSection
	GlobalSection(SolutionProperties) = preSolution
		HideSolutionNode = FALSE
	EndGlobalSection
	GlobalSection(ExtensibilityGlobals) = postSolution
		SolutionGuid = {99950E76-DC2B-48C8-B54B-8D90ED7B4350}
	EndGlobalSection
EndGlobal
